// !$*UTF8*$!
{
	archiveVersion = 1;
	classes = {
	};
	objectVersion = 56;
	objects = {

/* Begin PBXBuildFile section */
		4035B5F22B824C76004BCF53 /* MoviePlusApp.swift in Sources */ = {isa = PBXBuildFile; fileRef = 4035B5F12B824C76004BCF53 /* MoviePlusApp.swift */; };
		4035B5F42B824C76004BCF53 /* ContentView.swift in Sources */ = {isa = PBXBuildFile; fileRef = 4035B5F32B824C76004BCF53 /* ContentView.swift */; };
		4035B5F62B824C77004BCF53 /* Assets.xcassets in Resources */ = {isa = PBXBuildFile; fileRef = 4035B5F52B824C77004BCF53 /* Assets.xcassets */; };
		4035B5F92B824C77004BCF53 /* Preview Assets.xcassets in Resources */ = {isa = PBXBuildFile; fileRef = 4035B5F82B824C77004BCF53 /* Preview Assets.xcassets */; };
		4035B6072B826FE8004BCF53 /* MoviesModel.swift in Sources */ = {isa = PBXBuildFile; fileRef = 4035B6062B826FE8004BCF53 /* MoviesModel.swift */; };
		4035B6122B8277CE004BCF53 /* SeriesModel.swift in Sources */ = {isa = PBXBuildFile; fileRef = 4035B6112B8277CE004BCF53 /* SeriesModel.swift */; };
		4035B6142B8285F0004BCF53 /* FilmsByGenreModel.swift in Sources */ = {isa = PBXBuildFile; fileRef = 4035B6132B8285F0004BCF53 /* FilmsByGenreModel.swift */; };
		4035B6162B82A31B004BCF53 /* FilmDetailsModel.swift in Sources */ = {isa = PBXBuildFile; fileRef = 4035B6152B82A31B004BCF53 /* FilmDetailsModel.swift */; };
		40536BEA2B82BA9400AA788A /* CoreModels in Frameworks */ = {isa = PBXBuildFile; productRef = 40536BE92B82BA9400AA788A /* CoreModels */; };
		40536BEC2B82BA9400AA788A /* CoreUI in Frameworks */ = {isa = PBXBuildFile; productRef = 40536BEB2B82BA9400AA788A /* CoreUI */; };
		40536BEE2B82BA9400AA788A /* Networking in Frameworks */ = {isa = PBXBuildFile; productRef = 40536BED2B82BA9400AA788A /* Networking */; };
		407E7D802BBF43F200C8EBB1 /* MoviesModelTests.swift in Sources */ = {isa = PBXBuildFile; fileRef = 407E7D7F2BBF43F200C8EBB1 /* MoviesModelTests.swift */; };
		407E7D822BBF470500C8EBB1 /* Networking in Frameworks */ = {isa = PBXBuildFile; productRef = 407E7D812BBF470500C8EBB1 /* Networking */; };
		407E7D842BBF470A00C8EBB1 /* CoreModels in Frameworks */ = {isa = PBXBuildFile; productRef = 407E7D832BBF470A00C8EBB1 /* CoreModels */; };
		407E7DC32BBF4BC500C8EBB1 /* SeriesModelTests.swift in Sources */ = {isa = PBXBuildFile; fileRef = 407E7DC22BBF4BC500C8EBB1 /* SeriesModelTests.swift */; };
		407E7DC52BBF4E3800C8EBB1 /* FilmsByGenreModelTests.swift in Sources */ = {isa = PBXBuildFile; fileRef = 407E7DC42BBF4E3800C8EBB1 /* FilmsByGenreModelTests.swift */; };
		407E7DC72BBF535A00C8EBB1 /* FilmDetailsModelTests.swift in Sources */ = {isa = PBXBuildFile; fileRef = 407E7DC62BBF535A00C8EBB1 /* FilmDetailsModelTests.swift */; };
		407E7DC92BBF5C6200C8EBB1 /* FilmGenresModelTests.swift in Sources */ = {isa = PBXBuildFile; fileRef = 407E7DC82BBF5C6200C8EBB1 /* FilmGenresModelTests.swift */; };
		407E7DCB2BBF5E7E00C8EBB1 /* GenresRepository.swift in Sources */ = {isa = PBXBuildFile; fileRef = 407E7DCA2BBF5E7E00C8EBB1 /* GenresRepository.swift */; };
		407E7DCD2BBF5EBB00C8EBB1 /* MoviesRepository.swift in Sources */ = {isa = PBXBuildFile; fileRef = 407E7DCC2BBF5EBB00C8EBB1 /* MoviesRepository.swift */; };
		407E7DCF2BBF5EE800C8EBB1 /* SeriesRepository.swift in Sources */ = {isa = PBXBuildFile; fileRef = 407E7DCE2BBF5EE800C8EBB1 /* SeriesRepository.swift */; };
		407E7DD12BBF5F2D00C8EBB1 /* FilmDetailsRepository.swift in Sources */ = {isa = PBXBuildFile; fileRef = 407E7DD02BBF5F2D00C8EBB1 /* FilmDetailsRepository.swift */; };
		407E7DD52BBF8D2000C8EBB1 /* MapperTests.swift in Sources */ = {isa = PBXBuildFile; fileRef = 407E7DD42BBF8D2000C8EBB1 /* MapperTests.swift */; };
		40A7641B2B9CD84B00C62350 /* MoviesView.swift in Sources */ = {isa = PBXBuildFile; fileRef = 40A7641A2B9CD84B00C62350 /* MoviesView.swift */; };
		40A7641D2B9CFCCF00C62350 /* Mappers.swift in Sources */ = {isa = PBXBuildFile; fileRef = 40A7641C2B9CFCCF00C62350 /* Mappers.swift */; };
		40A764222B9D2B3E00C62350 /* FilmDetailsView.swift in Sources */ = {isa = PBXBuildFile; fileRef = 40A764212B9D2B3E00C62350 /* FilmDetailsView.swift */; };
		40A764242B9DD79900C62350 /* SeriesView.swift in Sources */ = {isa = PBXBuildFile; fileRef = 40A764232B9DD79900C62350 /* SeriesView.swift */; };
		40A764272B9DDD1900C62350 /* FilmModel.swift in Sources */ = {isa = PBXBuildFile; fileRef = 40A764262B9DDD1900C62350 /* FilmModel.swift */; };
		40A7642B2B9DDDD500C62350 /* Data.swift in Sources */ = {isa = PBXBuildFile; fileRef = 40A7642A2B9DDDD500C62350 /* Data.swift */; };
		40A7642D2B9DDFEC00C62350 /* FilmGenresView.swift in Sources */ = {isa = PBXBuildFile; fileRef = 40A7642C2B9DDFEC00C62350 /* FilmGenresView.swift */; };
		40A7642F2B9DE9B300C62350 /* FilmsByGenreView.swift in Sources */ = {isa = PBXBuildFile; fileRef = 40A7642E2B9DE9B300C62350 /* FilmsByGenreView.swift */; };
		40A764312B9DF17700C62350 /* FilmGenresModel.swift in Sources */ = {isa = PBXBuildFile; fileRef = 40A764302B9DF17700C62350 /* FilmGenresModel.swift */; };
/* End PBXBuildFile section */

/* Begin PBXContainerItemProxy section */
		407E7D852BBF474F00C8EBB1 /* PBXContainerItemProxy */ = {
			isa = PBXContainerItemProxy;
			containerPortal = 4035B5E62B824C76004BCF53 /* Project object */;
			proxyType = 1;
			remoteGlobalIDString = 4035B5ED2B824C76004BCF53;
			remoteInfo = MoviePlus;
		};
/* End PBXContainerItemProxy section */

/* Begin PBXFileReference section */
		4035B5EE2B824C76004BCF53 /* MoviePlus.app */ = {isa = PBXFileReference; explicitFileType = wrapper.application; includeInIndex = 0; path = MoviePlus.app; sourceTree = BUILT_PRODUCTS_DIR; };
		4035B5F12B824C76004BCF53 /* MoviePlusApp.swift */ = {isa = PBXFileReference; lastKnownFileType = sourcecode.swift; path = MoviePlusApp.swift; sourceTree = "<group>"; };
		4035B5F32B824C76004BCF53 /* ContentView.swift */ = {isa = PBXFileReference; lastKnownFileType = sourcecode.swift; path = ContentView.swift; sourceTree = "<group>"; };
		4035B5F52B824C77004BCF53 /* Assets.xcassets */ = {isa = PBXFileReference; lastKnownFileType = folder.assetcatalog; path = Assets.xcassets; sourceTree = "<group>"; };
		4035B5F82B824C77004BCF53 /* Preview Assets.xcassets */ = {isa = PBXFileReference; lastKnownFileType = folder.assetcatalog; path = "Preview Assets.xcassets"; sourceTree = "<group>"; };
		4035B6062B826FE8004BCF53 /* MoviesModel.swift */ = {isa = PBXFileReference; lastKnownFileType = sourcecode.swift; path = MoviesModel.swift; sourceTree = "<group>"; };
		4035B6112B8277CE004BCF53 /* SeriesModel.swift */ = {isa = PBXFileReference; lastKnownFileType = sourcecode.swift; path = SeriesModel.swift; sourceTree = "<group>"; };
		4035B6132B8285F0004BCF53 /* FilmsByGenreModel.swift */ = {isa = PBXFileReference; lastKnownFileType = sourcecode.swift; path = FilmsByGenreModel.swift; sourceTree = "<group>"; };
		4035B6152B82A31B004BCF53 /* FilmDetailsModel.swift */ = {isa = PBXFileReference; lastKnownFileType = sourcecode.swift; path = FilmDetailsModel.swift; sourceTree = "<group>"; };
		4035B61C2B82B956004BCF53 /* Packages */ = {isa = PBXFileReference; lastKnownFileType = wrapper; path = Packages; sourceTree = "<group>"; };
		407E7D772BBF34F300C8EBB1 /* MoviePlusTests.xctest */ = {isa = PBXFileReference; explicitFileType = wrapper.cfbundle; includeInIndex = 0; path = MoviePlusTests.xctest; sourceTree = BUILT_PRODUCTS_DIR; };
		407E7D7F2BBF43F200C8EBB1 /* MoviesModelTests.swift */ = {isa = PBXFileReference; lastKnownFileType = sourcecode.swift; path = MoviesModelTests.swift; sourceTree = "<group>"; };
		407E7DC22BBF4BC500C8EBB1 /* SeriesModelTests.swift */ = {isa = PBXFileReference; lastKnownFileType = sourcecode.swift; path = SeriesModelTests.swift; sourceTree = "<group>"; };
		407E7DC42BBF4E3800C8EBB1 /* FilmsByGenreModelTests.swift */ = {isa = PBXFileReference; lastKnownFileType = sourcecode.swift; path = FilmsByGenreModelTests.swift; sourceTree = "<group>"; };
		407E7DC62BBF535A00C8EBB1 /* FilmDetailsModelTests.swift */ = {isa = PBXFileReference; lastKnownFileType = sourcecode.swift; path = FilmDetailsModelTests.swift; sourceTree = "<group>"; };
		407E7DC82BBF5C6200C8EBB1 /* FilmGenresModelTests.swift */ = {isa = PBXFileReference; lastKnownFileType = sourcecode.swift; path = FilmGenresModelTests.swift; sourceTree = "<group>"; };
		407E7DCA2BBF5E7E00C8EBB1 /* GenresRepository.swift */ = {isa = PBXFileReference; lastKnownFileType = sourcecode.swift; path = GenresRepository.swift; sourceTree = "<group>"; };
		407E7DCC2BBF5EBB00C8EBB1 /* MoviesRepository.swift */ = {isa = PBXFileReference; lastKnownFileType = sourcecode.swift; path = MoviesRepository.swift; sourceTree = "<group>"; };
		407E7DCE2BBF5EE800C8EBB1 /* SeriesRepository.swift */ = {isa = PBXFileReference; lastKnownFileType = sourcecode.swift; path = SeriesRepository.swift; sourceTree = "<group>"; };
		407E7DD02BBF5F2D00C8EBB1 /* FilmDetailsRepository.swift */ = {isa = PBXFileReference; lastKnownFileType = sourcecode.swift; path = FilmDetailsRepository.swift; sourceTree = "<group>"; };
		407E7DD22BBF6B6B00C8EBB1 /* MoviePlus.xctestplan */ = {isa = PBXFileReference; lastKnownFileType = text; name = MoviePlus.xctestplan; path = MoviePlusTests/MoviePlus.xctestplan; sourceTree = "<group>"; };
		407E7DD42BBF8D2000C8EBB1 /* MapperTests.swift */ = {isa = PBXFileReference; lastKnownFileType = sourcecode.swift; path = MapperTests.swift; sourceTree = "<group>"; };
		40A7641A2B9CD84B00C62350 /* MoviesView.swift */ = {isa = PBXFileReference; lastKnownFileType = sourcecode.swift; path = MoviesView.swift; sourceTree = "<group>"; };
		40A7641C2B9CFCCF00C62350 /* Mappers.swift */ = {isa = PBXFileReference; lastKnownFileType = sourcecode.swift; path = Mappers.swift; sourceTree = "<group>"; };
		40A764212B9D2B3E00C62350 /* FilmDetailsView.swift */ = {isa = PBXFileReference; lastKnownFileType = sourcecode.swift; path = FilmDetailsView.swift; sourceTree = "<group>"; };
		40A764232B9DD79900C62350 /* SeriesView.swift */ = {isa = PBXFileReference; lastKnownFileType = sourcecode.swift; path = SeriesView.swift; sourceTree = "<group>"; };
		40A764262B9DDD1900C62350 /* FilmModel.swift */ = {isa = PBXFileReference; lastKnownFileType = sourcecode.swift; path = FilmModel.swift; sourceTree = "<group>"; };
		40A7642A2B9DDDD500C62350 /* Data.swift */ = {isa = PBXFileReference; lastKnownFileType = sourcecode.swift; path = Data.swift; sourceTree = "<group>"; };
		40A7642C2B9DDFEC00C62350 /* FilmGenresView.swift */ = {isa = PBXFileReference; lastKnownFileType = sourcecode.swift; path = FilmGenresView.swift; sourceTree = "<group>"; };
		40A7642E2B9DE9B300C62350 /* FilmsByGenreView.swift */ = {isa = PBXFileReference; lastKnownFileType = sourcecode.swift; path = FilmsByGenreView.swift; sourceTree = "<group>"; };
		40A764302B9DF17700C62350 /* FilmGenresModel.swift */ = {isa = PBXFileReference; lastKnownFileType = sourcecode.swift; path = FilmGenresModel.swift; sourceTree = "<group>"; };
/* End PBXFileReference section */

/* Begin PBXFrameworksBuildPhase section */
		4035B5EB2B824C76004BCF53 /* Frameworks */ = {
			isa = PBXFrameworksBuildPhase;
			buildActionMask = 2147483647;
			files = (
				40536BEE2B82BA9400AA788A /* Networking in Frameworks */,
				40536BEA2B82BA9400AA788A /* CoreModels in Frameworks */,
				40536BEC2B82BA9400AA788A /* CoreUI in Frameworks */,
			);
			runOnlyForDeploymentPostprocessing = 0;
		};
		407E7D742BBF34F300C8EBB1 /* Frameworks */ = {
			isa = PBXFrameworksBuildPhase;
			buildActionMask = 2147483647;
			files = (
				407E7D822BBF470500C8EBB1 /* Networking in Frameworks */,
				407E7D842BBF470A00C8EBB1 /* CoreModels in Frameworks */,
			);
			runOnlyForDeploymentPostprocessing = 0;
		};
/* End PBXFrameworksBuildPhase section */

/* Begin PBXGroup section */
		4035B5E52B824C76004BCF53 = {
			isa = PBXGroup;
			children = (
				407E7DD22BBF6B6B00C8EBB1 /* MoviePlus.xctestplan */,
				4035B61C2B82B956004BCF53 /* Packages */,
				4035B5F02B824C76004BCF53 /* MoviePlus */,
				407E7D782BBF34F300C8EBB1 /* MoviePlusTests */,
				4035B5EF2B824C76004BCF53 /* Products */,
				4035B6082B82712F004BCF53 /* Frameworks */,
			);
			sourceTree = "<group>";
		};
		4035B5EF2B824C76004BCF53 /* Products */ = {
			isa = PBXGroup;
			children = (
				4035B5EE2B824C76004BCF53 /* MoviePlus.app */,
				407E7D772BBF34F300C8EBB1 /* MoviePlusTests.xctest */,
			);
			name = Products;
			sourceTree = "<group>";
		};
		4035B5F02B824C76004BCF53 /* MoviePlus */ = {
			isa = PBXGroup;
			children = (
				4097FB972BBDC84500A4178D /* Repositories */,
				40A764292B9DDDA800C62350 /* Misc */,
				40A764282B9DDD8400C62350 /* Views */,
				40A764252B9DDCF500C62350 /* Models */,
				4035B5F12B824C76004BCF53 /* MoviePlusApp.swift */,
				4035B5F52B824C77004BCF53 /* Assets.xcassets */,
				4035B5F72B824C77004BCF53 /* Preview Content */,
			);
			path = MoviePlus;
			sourceTree = "<group>";
		};
		4035B5F72B824C77004BCF53 /* Preview Content */ = {
			isa = PBXGroup;
			children = (
				4035B5F82B824C77004BCF53 /* Preview Assets.xcassets */,
			);
			path = "Preview Content";
			sourceTree = "<group>";
		};
		4035B6082B82712F004BCF53 /* Frameworks */ = {
			isa = PBXGroup;
			children = (
			);
			name = Frameworks;
			sourceTree = "<group>";
		};
		407E7D782BBF34F300C8EBB1 /* MoviePlusTests */ = {
			isa = PBXGroup;
			children = (
				407E7DD32BBF8CF900C8EBB1 /* Misc */,
				407E7D7E2BBF351D00C8EBB1 /* Models */,
			);
			path = MoviePlusTests;
			sourceTree = "<group>";
		};
		407E7D7E2BBF351D00C8EBB1 /* Models */ = {
			isa = PBXGroup;
			children = (
				407E7D7F2BBF43F200C8EBB1 /* MoviesModelTests.swift */,
				407E7DC22BBF4BC500C8EBB1 /* SeriesModelTests.swift */,
				407E7DC42BBF4E3800C8EBB1 /* FilmsByGenreModelTests.swift */,
				407E7DC62BBF535A00C8EBB1 /* FilmDetailsModelTests.swift */,
				407E7DC82BBF5C6200C8EBB1 /* FilmGenresModelTests.swift */,
			);
			path = Models;
			sourceTree = "<group>";
		};
		407E7DD32BBF8CF900C8EBB1 /* Misc */ = {
			isa = PBXGroup;
			children = (
				407E7DD42BBF8D2000C8EBB1 /* MapperTests.swift */,
			);
			path = Misc;
			sourceTree = "<group>";
		};
		4097FB972BBDC84500A4178D /* Repositories */ = {
			isa = PBXGroup;
			children = (
				407E7DCA2BBF5E7E00C8EBB1 /* GenresRepository.swift */,
				407E7DCC2BBF5EBB00C8EBB1 /* MoviesRepository.swift */,
				407E7DCE2BBF5EE800C8EBB1 /* SeriesRepository.swift */,
				407E7DD02BBF5F2D00C8EBB1 /* FilmDetailsRepository.swift */,
			);
			path = Repositories;
			sourceTree = "<group>";
		};
		40A764252B9DDCF500C62350 /* Models */ = {
			isa = PBXGroup;
			children = (
				4035B6152B82A31B004BCF53 /* FilmDetailsModel.swift */,
				4035B6112B8277CE004BCF53 /* SeriesModel.swift */,
				4035B6062B826FE8004BCF53 /* MoviesModel.swift */,
				4035B6132B8285F0004BCF53 /* FilmsByGenreModel.swift */,
				40A764262B9DDD1900C62350 /* FilmModel.swift */,
				40A764302B9DF17700C62350 /* FilmGenresModel.swift */,
			);
			path = Models;
			sourceTree = "<group>";
		};
		40A764282B9DDD8400C62350 /* Views */ = {
			isa = PBXGroup;
			children = (
				4035B5F32B824C76004BCF53 /* ContentView.swift */,
				40A764212B9D2B3E00C62350 /* FilmDetailsView.swift */,
				40A764232B9DD79900C62350 /* SeriesView.swift */,
				40A7641A2B9CD84B00C62350 /* MoviesView.swift */,
				40A7642C2B9DDFEC00C62350 /* FilmGenresView.swift */,
				40A7642E2B9DE9B300C62350 /* FilmsByGenreView.swift */,
			);
			path = Views;
			sourceTree = "<group>";
		};
		40A764292B9DDDA800C62350 /* Misc */ = {
			isa = PBXGroup;
			children = (
				40A7641C2B9CFCCF00C62350 /* Mappers.swift */,
				40A7642A2B9DDDD500C62350 /* Data.swift */,
			);
			path = Misc;
			sourceTree = "<group>";
		};
/* End PBXGroup section */

/* Begin PBXNativeTarget section */
		4035B5ED2B824C76004BCF53 /* MoviePlus */ = {
			isa = PBXNativeTarget;
			buildConfigurationList = 4035B5FC2B824C77004BCF53 /* Build configuration list for PBXNativeTarget "MoviePlus" */;
			buildPhases = (
				4035B5EA2B824C76004BCF53 /* Sources */,
				4035B5EB2B824C76004BCF53 /* Frameworks */,
				4035B5EC2B824C76004BCF53 /* Resources */,
			);
			buildRules = (
			);
			dependencies = (
			);
			name = MoviePlus;
			packageProductDependencies = (
				40536BE92B82BA9400AA788A /* CoreModels */,
				40536BEB2B82BA9400AA788A /* CoreUI */,
				40536BED2B82BA9400AA788A /* Networking */,
			);
			productName = MoviePlus;
			productReference = 4035B5EE2B824C76004BCF53 /* MoviePlus.app */;
			productType = "com.apple.product-type.application";
		};
		407E7D762BBF34F300C8EBB1 /* MoviePlusTests */ = {
			isa = PBXNativeTarget;
			buildConfigurationList = 407E7D7B2BBF34F300C8EBB1 /* Build configuration list for PBXNativeTarget "MoviePlusTests" */;
			buildPhases = (
				407E7D732BBF34F300C8EBB1 /* Sources */,
				407E7D742BBF34F300C8EBB1 /* Frameworks */,
				407E7D752BBF34F300C8EBB1 /* Resources */,
			);
			buildRules = (
			);
			dependencies = (
				407E7D862BBF474F00C8EBB1 /* PBXTargetDependency */,
			);
			name = MoviePlusTests;
			packageProductDependencies = (
				407E7D812BBF470500C8EBB1 /* Networking */,
				407E7D832BBF470A00C8EBB1 /* CoreModels */,
			);
			productName = MoviePlusTests;
			productReference = 407E7D772BBF34F300C8EBB1 /* MoviePlusTests.xctest */;
			productType = "com.apple.product-type.bundle.unit-test";
		};
/* End PBXNativeTarget section */

/* Begin PBXProject section */
		4035B5E62B824C76004BCF53 /* Project object */ = {
			isa = PBXProject;
			attributes = {
				BuildIndependentTargetsInParallel = 1;
				LastSwiftUpdateCheck = 1530;
				LastUpgradeCheck = 1520;
				TargetAttributes = {
					4035B5ED2B824C76004BCF53 = {
						CreatedOnToolsVersion = 15.2;
					};
					407E7D762BBF34F300C8EBB1 = {
						CreatedOnToolsVersion = 15.3;
						TestTargetID = 4035B5ED2B824C76004BCF53;
					};
				};
			};
			buildConfigurationList = 4035B5E92B824C76004BCF53 /* Build configuration list for PBXProject "MoviePlus" */;
			compatibilityVersion = "Xcode 14.0";
			developmentRegion = en;
			hasScannedForEncodings = 0;
			knownRegions = (
				en,
				Base,
			);
			mainGroup = 4035B5E52B824C76004BCF53;
			packageReferences = (
			);
			productRefGroup = 4035B5EF2B824C76004BCF53 /* Products */;
			projectDirPath = "";
			projectRoot = "";
			targets = (
				4035B5ED2B824C76004BCF53 /* MoviePlus */,
				407E7D762BBF34F300C8EBB1 /* MoviePlusTests */,
			);
		};
/* End PBXProject section */

/* Begin PBXResourcesBuildPhase section */
		4035B5EC2B824C76004BCF53 /* Resources */ = {
			isa = PBXResourcesBuildPhase;
			buildActionMask = 2147483647;
			files = (
				4035B5F92B824C77004BCF53 /* Preview Assets.xcassets in Resources */,
				4035B5F62B824C77004BCF53 /* Assets.xcassets in Resources */,
			);
			runOnlyForDeploymentPostprocessing = 0;
		};
		407E7D752BBF34F300C8EBB1 /* Resources */ = {
			isa = PBXResourcesBuildPhase;
			buildActionMask = 2147483647;
			files = (
			);
			runOnlyForDeploymentPostprocessing = 0;
		};
/* End PBXResourcesBuildPhase section */

/* Begin PBXSourcesBuildPhase section */
		4035B5EA2B824C76004BCF53 /* Sources */ = {
			isa = PBXSourcesBuildPhase;
			buildActionMask = 2147483647;
			files = (
				407E7DCF2BBF5EE800C8EBB1 /* SeriesRepository.swift in Sources */,
				4035B6122B8277CE004BCF53 /* SeriesModel.swift in Sources */,
				4035B5F42B824C76004BCF53 /* ContentView.swift in Sources */,
				4035B5F22B824C76004BCF53 /* MoviePlusApp.swift in Sources */,
				40A7642F2B9DE9B300C62350 /* FilmsByGenreView.swift in Sources */,
				40A7642D2B9DDFEC00C62350 /* FilmGenresView.swift in Sources */,
				407E7DCB2BBF5E7E00C8EBB1 /* GenresRepository.swift in Sources */,
				40A7641D2B9CFCCF00C62350 /* Mappers.swift in Sources */,
				4035B6072B826FE8004BCF53 /* MoviesModel.swift in Sources */,
				407E7DD12BBF5F2D00C8EBB1 /* FilmDetailsRepository.swift in Sources */,
				40A7641B2B9CD84B00C62350 /* MoviesView.swift in Sources */,
				4035B6162B82A31B004BCF53 /* FilmDetailsModel.swift in Sources */,
				40A7642B2B9DDDD500C62350 /* Data.swift in Sources */,
				40A764312B9DF17700C62350 /* FilmGenresModel.swift in Sources */,
				40A764222B9D2B3E00C62350 /* FilmDetailsView.swift in Sources */,
				4035B6142B8285F0004BCF53 /* FilmsByGenreModel.swift in Sources */,
				407E7DCD2BBF5EBB00C8EBB1 /* MoviesRepository.swift in Sources */,
				40A764272B9DDD1900C62350 /* FilmModel.swift in Sources */,
				40A764242B9DD79900C62350 /* SeriesView.swift in Sources */,
			);
			runOnlyForDeploymentPostprocessing = 0;
		};
		407E7D732BBF34F300C8EBB1 /* Sources */ = {
			isa = PBXSourcesBuildPhase;
			buildActionMask = 2147483647;
			files = (
				407E7DD52BBF8D2000C8EBB1 /* MapperTests.swift in Sources */,
				407E7DC72BBF535A00C8EBB1 /* FilmDetailsModelTests.swift in Sources */,
				407E7D802BBF43F200C8EBB1 /* MoviesModelTests.swift in Sources */,
				407E7DC52BBF4E3800C8EBB1 /* FilmsByGenreModelTests.swift in Sources */,
				407E7DC32BBF4BC500C8EBB1 /* SeriesModelTests.swift in Sources */,
				407E7DC92BBF5C6200C8EBB1 /* FilmGenresModelTests.swift in Sources */,
			);
			runOnlyForDeploymentPostprocessing = 0;
		};
/* End PBXSourcesBuildPhase section */

/* Begin PBXTargetDependency section */
		407E7D862BBF474F00C8EBB1 /* PBXTargetDependency */ = {
			isa = PBXTargetDependency;
			target = 4035B5ED2B824C76004BCF53 /* MoviePlus */;
			targetProxy = 407E7D852BBF474F00C8EBB1 /* PBXContainerItemProxy */;
		};
/* End PBXTargetDependency section */

/* Begin XCBuildConfiguration section */
		4035B5FA2B824C77004BCF53 /* Debug */ = {
			isa = XCBuildConfiguration;
			buildSettings = {
				ALWAYS_SEARCH_USER_PATHS = NO;
				ASSETCATALOG_COMPILER_GENERATE_SWIFT_ASSET_SYMBOL_EXTENSIONS = YES;
				CLANG_ANALYZER_NONNULL = YES;
				CLANG_ANALYZER_NUMBER_OBJECT_CONVERSION = YES_AGGRESSIVE;
				CLANG_CXX_LANGUAGE_STANDARD = "gnu++20";
				CLANG_ENABLE_MODULES = YES;
				CLANG_ENABLE_OBJC_ARC = YES;
				CLANG_ENABLE_OBJC_WEAK = YES;
				CLANG_WARN_BLOCK_CAPTURE_AUTORELEASING = YES;
				CLANG_WARN_BOOL_CONVERSION = YES;
				CLANG_WARN_COMMA = YES;
				CLANG_WARN_CONSTANT_CONVERSION = YES;
				CLANG_WARN_DEPRECATED_OBJC_IMPLEMENTATIONS = YES;
				CLANG_WARN_DIRECT_OBJC_ISA_USAGE = YES_ERROR;
				CLANG_WARN_DOCUMENTATION_COMMENTS = YES;
				CLANG_WARN_EMPTY_BODY = YES;
				CLANG_WARN_ENUM_CONVERSION = YES;
				CLANG_WARN_INFINITE_RECURSION = YES;
				CLANG_WARN_INT_CONVERSION = YES;
				CLANG_WARN_NON_LITERAL_NULL_CONVERSION = YES;
				CLANG_WARN_OBJC_IMPLICIT_RETAIN_SELF = YES;
				CLANG_WARN_OBJC_LITERAL_CONVERSION = YES;
				CLANG_WARN_OBJC_ROOT_CLASS = YES_ERROR;
				CLANG_WARN_QUOTED_INCLUDE_IN_FRAMEWORK_HEADER = YES;
				CLANG_WARN_RANGE_LOOP_ANALYSIS = YES;
				CLANG_WARN_STRICT_PROTOTYPES = YES;
				CLANG_WARN_SUSPICIOUS_MOVE = YES;
				CLANG_WARN_UNGUARDED_AVAILABILITY = YES_AGGRESSIVE;
				CLANG_WARN_UNREACHABLE_CODE = YES;
				CLANG_WARN__DUPLICATE_METHOD_MATCH = YES;
				COPY_PHASE_STRIP = NO;
				DEBUG_INFORMATION_FORMAT = dwarf;
				ENABLE_STRICT_OBJC_MSGSEND = YES;
				ENABLE_TESTABILITY = YES;
				ENABLE_USER_SCRIPT_SANDBOXING = YES;
				GCC_C_LANGUAGE_STANDARD = gnu17;
				GCC_DYNAMIC_NO_PIC = NO;
				GCC_NO_COMMON_BLOCKS = YES;
				GCC_OPTIMIZATION_LEVEL = 0;
				GCC_PREPROCESSOR_DEFINITIONS = (
					"DEBUG=1",
					"$(inherited)",
				);
				GCC_WARN_64_TO_32_BIT_CONVERSION = YES;
				GCC_WARN_ABOUT_RETURN_TYPE = YES_ERROR;
				GCC_WARN_UNDECLARED_SELECTOR = YES;
				GCC_WARN_UNINITIALIZED_AUTOS = YES_AGGRESSIVE;
				GCC_WARN_UNUSED_FUNCTION = YES;
				GCC_WARN_UNUSED_VARIABLE = YES;
				IPHONEOS_DEPLOYMENT_TARGET = 17.2;
				LOCALIZATION_PREFERS_STRING_CATALOGS = YES;
				MTL_ENABLE_DEBUG_INFO = INCLUDE_SOURCE;
				MTL_FAST_MATH = YES;
				ONLY_ACTIVE_ARCH = YES;
				SDKROOT = iphoneos;
				SWIFT_ACTIVE_COMPILATION_CONDITIONS = "DEBUG $(inherited)";
				SWIFT_OPTIMIZATION_LEVEL = "-Onone";
			};
			name = Debug;
		};
		4035B5FB2B824C77004BCF53 /* Release */ = {
			isa = XCBuildConfiguration;
			buildSettings = {
				ALWAYS_SEARCH_USER_PATHS = NO;
				ASSETCATALOG_COMPILER_GENERATE_SWIFT_ASSET_SYMBOL_EXTENSIONS = YES;
				CLANG_ANALYZER_NONNULL = YES;
				CLANG_ANALYZER_NUMBER_OBJECT_CONVERSION = YES_AGGRESSIVE;
				CLANG_CXX_LANGUAGE_STANDARD = "gnu++20";
				CLANG_ENABLE_MODULES = YES;
				CLANG_ENABLE_OBJC_ARC = YES;
				CLANG_ENABLE_OBJC_WEAK = YES;
				CLANG_WARN_BLOCK_CAPTURE_AUTORELEASING = YES;
				CLANG_WARN_BOOL_CONVERSION = YES;
				CLANG_WARN_COMMA = YES;
				CLANG_WARN_CONSTANT_CONVERSION = YES;
				CLANG_WARN_DEPRECATED_OBJC_IMPLEMENTATIONS = YES;
				CLANG_WARN_DIRECT_OBJC_ISA_USAGE = YES_ERROR;
				CLANG_WARN_DOCUMENTATION_COMMENTS = YES;
				CLANG_WARN_EMPTY_BODY = YES;
				CLANG_WARN_ENUM_CONVERSION = YES;
				CLANG_WARN_INFINITE_RECURSION = YES;
				CLANG_WARN_INT_CONVERSION = YES;
				CLANG_WARN_NON_LITERAL_NULL_CONVERSION = YES;
				CLANG_WARN_OBJC_IMPLICIT_RETAIN_SELF = YES;
				CLANG_WARN_OBJC_LITERAL_CONVERSION = YES;
				CLANG_WARN_OBJC_ROOT_CLASS = YES_ERROR;
				CLANG_WARN_QUOTED_INCLUDE_IN_FRAMEWORK_HEADER = YES;
				CLANG_WARN_RANGE_LOOP_ANALYSIS = YES;
				CLANG_WARN_STRICT_PROTOTYPES = YES;
				CLANG_WARN_SUSPICIOUS_MOVE = YES;
				CLANG_WARN_UNGUARDED_AVAILABILITY = YES_AGGRESSIVE;
				CLANG_WARN_UNREACHABLE_CODE = YES;
				CLANG_WARN__DUPLICATE_METHOD_MATCH = YES;
				COPY_PHASE_STRIP = NO;
				DEBUG_INFORMATION_FORMAT = "dwarf-with-dsym";
				ENABLE_NS_ASSERTIONS = NO;
				ENABLE_STRICT_OBJC_MSGSEND = YES;
				ENABLE_USER_SCRIPT_SANDBOXING = YES;
				GCC_C_LANGUAGE_STANDARD = gnu17;
				GCC_NO_COMMON_BLOCKS = YES;
				GCC_WARN_64_TO_32_BIT_CONVERSION = YES;
				GCC_WARN_ABOUT_RETURN_TYPE = YES_ERROR;
				GCC_WARN_UNDECLARED_SELECTOR = YES;
				GCC_WARN_UNINITIALIZED_AUTOS = YES_AGGRESSIVE;
				GCC_WARN_UNUSED_FUNCTION = YES;
				GCC_WARN_UNUSED_VARIABLE = YES;
				IPHONEOS_DEPLOYMENT_TARGET = 17.2;
				LOCALIZATION_PREFERS_STRING_CATALOGS = YES;
				MTL_ENABLE_DEBUG_INFO = NO;
				MTL_FAST_MATH = YES;
				SDKROOT = iphoneos;
				SWIFT_COMPILATION_MODE = wholemodule;
				VALIDATE_PRODUCT = YES;
			};
			name = Release;
		};
		4035B5FD2B824C77004BCF53 /* Debug */ = {
			isa = XCBuildConfiguration;
			buildSettings = {
				ASSETCATALOG_COMPILER_APPICON_NAME = AppIcon;
				ASSETCATALOG_COMPILER_GLOBAL_ACCENT_COLOR_NAME = AccentColor;
				CODE_SIGN_STYLE = Automatic;
				CURRENT_PROJECT_VERSION = 1;
				DEVELOPMENT_ASSET_PATHS = "\"MoviePlus/Preview Content\"";
				DEVELOPMENT_TEAM = ZM7Z6QL6F3;
				ENABLE_PREVIEWS = YES;
				GENERATE_INFOPLIST_FILE = YES;
				INFOPLIST_KEY_CFBundleDisplayName = "Movie+";
				INFOPLIST_KEY_LSApplicationCategoryType = "public.app-category.entertainment";
				INFOPLIST_KEY_UIApplicationSceneManifest_Generation = YES;
				INFOPLIST_KEY_UIApplicationSupportsIndirectInputEvents = YES;
				INFOPLIST_KEY_UILaunchScreen_Generation = YES;
				INFOPLIST_KEY_UISupportedInterfaceOrientations_iPad = "UIInterfaceOrientationPortrait UIInterfaceOrientationPortraitUpsideDown UIInterfaceOrientationLandscapeLeft UIInterfaceOrientationLandscapeRight";
				INFOPLIST_KEY_UISupportedInterfaceOrientations_iPhone = "UIInterfaceOrientationPortrait UIInterfaceOrientationLandscapeLeft UIInterfaceOrientationLandscapeRight";
				IPHONEOS_DEPLOYMENT_TARGET = 17.0;
				LD_RUNPATH_SEARCH_PATHS = (
					"$(inherited)",
					"@executable_path/Frameworks",
				);
				MARKETING_VERSION = 1.0;
				PRODUCT_BUNDLE_IDENTIFIER = dev.iciss.MoviePlus;
				PRODUCT_NAME = "$(TARGET_NAME)";
				SUPPORTED_PLATFORMS = "iphoneos iphonesimulator";
				SUPPORTS_MACCATALYST = NO;
				SUPPORTS_MAC_DESIGNED_FOR_IPHONE_IPAD = NO;
				SUPPORTS_XR_DESIGNED_FOR_IPHONE_IPAD = NO;
				SWIFT_EMIT_LOC_STRINGS = YES;
				SWIFT_STRICT_CONCURRENCY = complete;
				SWIFT_VERSION = 5.0;
				TARGETED_DEVICE_FAMILY = 1;
			};
			name = Debug;
		};
		4035B5FE2B824C77004BCF53 /* Release */ = {
			isa = XCBuildConfiguration;
			buildSettings = {
				ASSETCATALOG_COMPILER_APPICON_NAME = AppIcon;
				ASSETCATALOG_COMPILER_GLOBAL_ACCENT_COLOR_NAME = AccentColor;
				CODE_SIGN_STYLE = Automatic;
				CURRENT_PROJECT_VERSION = 1;
				DEVELOPMENT_ASSET_PATHS = "\"MoviePlus/Preview Content\"";
				DEVELOPMENT_TEAM = ZM7Z6QL6F3;
				ENABLE_PREVIEWS = YES;
				GENERATE_INFOPLIST_FILE = YES;
				INFOPLIST_KEY_CFBundleDisplayName = "Movie+";
				INFOPLIST_KEY_LSApplicationCategoryType = "public.app-category.entertainment";
				INFOPLIST_KEY_UIApplicationSceneManifest_Generation = YES;
				INFOPLIST_KEY_UIApplicationSupportsIndirectInputEvents = YES;
				INFOPLIST_KEY_UILaunchScreen_Generation = YES;
				INFOPLIST_KEY_UISupportedInterfaceOrientations_iPad = "UIInterfaceOrientationPortrait UIInterfaceOrientationPortraitUpsideDown UIInterfaceOrientationLandscapeLeft UIInterfaceOrientationLandscapeRight";
				INFOPLIST_KEY_UISupportedInterfaceOrientations_iPhone = "UIInterfaceOrientationPortrait UIInterfaceOrientationLandscapeLeft UIInterfaceOrientationLandscapeRight";
				IPHONEOS_DEPLOYMENT_TARGET = 17.0;
				LD_RUNPATH_SEARCH_PATHS = (
					"$(inherited)",
					"@executable_path/Frameworks",
				);
				MARKETING_VERSION = 1.0;
				PRODUCT_BUNDLE_IDENTIFIER = dev.iciss.MoviePlus;
				PRODUCT_NAME = "$(TARGET_NAME)";
				SUPPORTED_PLATFORMS = "iphoneos iphonesimulator";
				SUPPORTS_MACCATALYST = NO;
				SUPPORTS_MAC_DESIGNED_FOR_IPHONE_IPAD = NO;
				SUPPORTS_XR_DESIGNED_FOR_IPHONE_IPAD = NO;
				SWIFT_EMIT_LOC_STRINGS = YES;
				SWIFT_STRICT_CONCURRENCY = complete;
				SWIFT_VERSION = 5.0;
				TARGETED_DEVICE_FAMILY = 1;
			};
			name = Release;
		};
		407E7D7C2BBF34F300C8EBB1 /* Debug */ = {
			isa = XCBuildConfiguration;
			buildSettings = {
				BUNDLE_LOADER = "$(TEST_HOST)";
				CODE_SIGN_STYLE = Automatic;
				CURRENT_PROJECT_VERSION = 1;
				DEVELOPMENT_TEAM = ZM7Z6QL6F3;
				GENERATE_INFOPLIST_FILE = YES;
				MARKETING_VERSION = 1.0;
				PRODUCT_BUNDLE_IDENTIFIER = dev.iciss.MoviePlusTests;
				PRODUCT_NAME = "$(TARGET_NAME)";
				SDKROOT = appletvos;
				SUPPORTED_PLATFORMS = "iphoneos iphonesimulator";
				SUPPORTS_MACCATALYST = NO;
				SWIFT_EMIT_LOC_STRINGS = NO;
				SWIFT_VERSION = 5.0;
				TARGETED_DEVICE_FAMILY = 1;
				TEST_HOST = "$(BUILT_PRODUCTS_DIR)/MoviePlus.app/$(BUNDLE_EXECUTABLE_FOLDER_PATH)/MoviePlus";
				TVOS_DEPLOYMENT_TARGET = 17.0;
			};
			name = Debug;
		};
		407E7D7D2BBF34F300C8EBB1 /* Release */ = {
			isa = XCBuildConfiguration;
			buildSettings = {
				BUNDLE_LOADER = "$(TEST_HOST)";
				CODE_SIGN_STYLE = Automatic;
				CURRENT_PROJECT_VERSION = 1;
				DEVELOPMENT_TEAM = ZM7Z6QL6F3;
				GENERATE_INFOPLIST_FILE = YES;
				MARKETING_VERSION = 1.0;
				PRODUCT_BUNDLE_IDENTIFIER = dev.iciss.MoviePlusTests;
				PRODUCT_NAME = "$(TARGET_NAME)";
				SDKROOT = appletvos;
				SUPPORTED_PLATFORMS = "iphoneos iphonesimulator";
				SUPPORTS_MACCATALYST = NO;
				SWIFT_EMIT_LOC_STRINGS = NO;
				SWIFT_VERSION = 5.0;
				TARGETED_DEVICE_FAMILY = 1;
				TEST_HOST = "$(BUILT_PRODUCTS_DIR)/MoviePlus.app/$(BUNDLE_EXECUTABLE_FOLDER_PATH)/MoviePlus";
				TVOS_DEPLOYMENT_TARGET = 17.0;
			};
			name = Release;
		};
/* End XCBuildConfiguration section */

/* Begin XCConfigurationList section */
		4035B5E92B824C76004BCF53 /* Build configuration list for PBXProject "MoviePlus" */ = {
			isa = XCConfigurationList;
			buildConfigurations = (
				4035B5FA2B824C77004BCF53 /* Debug */,
				4035B5FB2B824C77004BCF53 /* Release */,
			);
			defaultConfigurationIsVisible = 0;
			defaultConfigurationName = Release;
		};
		4035B5FC2B824C77004BCF53 /* Build configuration list for PBXNativeTarget "MoviePlus" */ = {
			isa = XCConfigurationList;
			buildConfigurations = (
				4035B5FD2B824C77004BCF53 /* Debug */,
				4035B5FE2B824C77004BCF53 /* Release */,
			);
			defaultConfigurationIsVisible = 0;
			defaultConfigurationName = Release;
		};
		407E7D7B2BBF34F300C8EBB1 /* Build configuration list for PBXNativeTarget "MoviePlusTests" */ = {
			isa = XCConfigurationList;
			buildConfigurations = (
				407E7D7C2BBF34F300C8EBB1 /* Debug */,
				407E7D7D2BBF34F300C8EBB1 /* Release */,
			);
			defaultConfigurationIsVisible = 0;
			defaultConfigurationName = Release;
		};
/* End XCConfigurationList section */

/* Begin XCSwiftPackageProductDependency section */
		40536BE92B82BA9400AA788A /* CoreModels */ = {
			isa = XCSwiftPackageProductDependency;
			productName = CoreModels;
		};
		40536BEB2B82BA9400AA788A /* CoreUI */ = {
			isa = XCSwiftPackageProductDependency;
			productName = CoreUI;
		};
		40536BED2B82BA9400AA788A /* Networking */ = {
			isa = XCSwiftPackageProductDependency;
			productName = Networking;
		};
		407E7D812BBF470500C8EBB1 /* Networking */ = {
			isa = XCSwiftPackageProductDependency;
			productName = Networking;
		};
		407E7D832BBF470A00C8EBB1 /* CoreModels */ = {
			isa = XCSwiftPackageProductDependency;
			productName = CoreModels;
		};
/* End XCSwiftPackageProductDependency section */
	};
	rootObject = 4035B5E62B824C76004BCF53 /* Project object */;
}
